
Microsoft Visual Studio Solution File, Format Version 12.00
# Visual Studio 2013
VisualStudioVersion = 12.0.21005.1
MinimumVisualStudioVersion = 10.0.40219.1
Project("{FAE04EC0-301F-11D3-BF4B-00C04F79EFBC}") = "sampleApp(Ncode_cs_adobe)", "sampleApp(NCode)\sampleApp(Ncode_cs_adobe).csproj", "{DCD4406D-1B0F-4BC1-AF2C-EC9DB76B5278}"
EndProject
Global
	GlobalSection(SolutionConfigurationPlatforms) = preSolution
		Debug|Any CPU = Debug|Any CPU
		Release|Any CPU = Release|Any CPU
	EndGlobalSection
	GlobalSection(ProjectConfigurationPlatforms) = postSolution
		{DCD4406D-1B0F-4BC1-AF2C-EC9DB76B5278}.Debug|Any CPU.ActiveCfg = Debug|Any CPU
		{DCD4406D-1B0F-4BC1-AF2C-EC9DB76B5278}.Debug|Any CPU.Build.0 = Debug|Any CPU
		{DCD4406D-1B0F-4BC1-AF2C-EC9DB76B5278}.Release|Any CPU.ActiveCfg = Release|x64
		{DCD4406D-1B0F-4BC1-AF2C-EC9DB76B5278}.Release|Any CPU.Build.0 = Release|x64
	EndGlobalSection
	GlobalSection(SolutionProperties) = preSolution
		HideSolutionNode = FALSE
	EndGlobalSection
EndGlobal
